// !$*UTF8*$!
{
	archiveVersion = 1;
	classes = {
	};
	objectVersion = 77;
	objects = {

/* Begin PBXContainerItemProxy section */
		E39CDF4A2E032446005FD522 /* PBXContainerItemProxy */ = {
			isa = PBXContainerItemProxy;
			containerPortal = E39CDF342E032443005FD522 /* Project object */;
			proxyType = 1;
			remoteGlobalIDString = E39CDF3B2E032443005FD522;
			remoteInfo = EatAppAssessment;
		};
		E39CDF542E032446005FD522 /* PBXContainerItemProxy */ = {
			isa = PBXContainerItemProxy;
			containerPortal = E39CDF342E032443005FD522 /* Project object */;
			proxyType = 1;
			remoteGlobalIDString = E39CDF3B2E032443005FD522;
			remoteInfo = EatAppAssessment;
		};
/* End PBXContainerItemProxy section */

/* Begin PBXFileReference section */
		E39CDF3C2E032443005FD522 /* EatAppAssessment.app */ = {isa = PBXFileReference; explicitFileType = wrapper.application; includeInIndex = 0; path = EatAppAssessment.app; sourceTree = BUILT_PRODUCTS_DIR; };
		E39CDF492E032446005FD522 /* EatAppAssessmentTests.xctest */ = {isa = PBXFileReference; explicitFileType = wrapper.cfbundle; includeInIndex = 0; path = EatAppAssessmentTests.xctest; sourceTree = BUILT_PRODUCTS_DIR; };
		E39CDF532E032446005FD522 /* EatAppAssessmentUITests.xctest */ = {isa = PBXFileReference; explicitFileType = wrapper.cfbundle; includeInIndex = 0; path = EatAppAssessmentUITests.xctest; sourceTree = BUILT_PRODUCTS_DIR; };
/* End PBXFileReference section */

/* Begin PBXFileSystemSynchronizedRootGroup section */
		E39CDF3E2E032443005FD522 /* EatAppAssessment */ = {
			isa = PBXFileSystemSynchronizedRootGroup;
			path = EatAppAssessment;
			sourceTree = "<group>";
		};
		E39CDF4C2E032446005FD522 /* EatAppAssessmentTests */ = {
			isa = PBXFileSystemSynchronizedRootGroup;
			path = EatAppAssessmentTests;
			sourceTree = "<group>";
		};
		E39CDF562E032446005FD522 /* EatAppAssessmentUITests */ = {
			isa = PBXFileSystemSynchronizedRootGroup;
			path = EatAppAssessmentUITests;
			sourceTree = "<group>";
		};
/* End PBXFileSystemSynchronizedRootGroup section */

/* Begin PBXFrameworksBuildPhase section */
		E39CDF392E032443005FD522 /* Frameworks */ = {
			isa = PBXFrameworksBuildPhase;
			buildActionMask = 2147483647;
			files = (
			);
			runOnlyForDeploymentPostprocessing = 0;
		};
		E39CDF462E032446005FD522 /* Frameworks */ = {
			isa = PBXFrameworksBuildPhase;
			buildActionMask = 2147483647;
			files = (
			);
			runOnlyForDeploymentPostprocessing = 0;
		};
		E39CDF502E032446005FD522 /* Frameworks */ = {
			isa = PBXFrameworksBuildPhase;
			buildActionMask = 2147483647;
			files = (
			);
			runOnlyForDeploymentPostprocessing = 0;
		};
/* End PBXFrameworksBuildPhase section */

/* Begin PBXGroup section */
		E39CDF332E032443005FD522 = {
			isa = PBXGroup;
			children = (
				E39CDF3E2E032443005FD522 /* EatAppAssessment */,
				E39CDF4C2E032446005FD522 /* EatAppAssessmentTests */,
				E39CDF562E032446005FD522 /* EatAppAssessmentUITests */,
				E39CDF3D2E032443005FD522 /* Products */,
			);
			sourceTree = "<group>";
		};
		E39CDF3D2E032443005FD522 /* Products */ = {
			isa = PBXGroup;
			children = (
				E39CDF3C2E032443005FD522 /* EatAppAssessment.app */,
				E39CDF492E032446005FD522 /* EatAppAssessmentTests.xctest */,
				E39CDF532E032446005FD522 /* EatAppAssessmentUITests.xctest */,
			);
			name = Products;
			sourceTree = "<group>";
		};
/* End PBXGroup section */

/* Begin PBXNativeTarget section */
		E39CDF3B2E032443005FD522 /* EatAppAssessment */ = {
			isa = PBXNativeTarget;
			buildConfigurationList = E39CDF5D2E032446005FD522 /* Build configuration list for PBXNativeTarget "EatAppAssessment" */;
			buildPhases = (
				E39CDF382E032443005FD522 /* Sources */,
				E39CDF392E032443005FD522 /* Frameworks */,
				E39CDF3A2E032443005FD522 /* Resources */,
			);
			buildRules = (
			);
			dependencies = (
			);
			fileSystemSynchronizedGroups = (
				E39CDF3E2E032443005FD522 /* EatAppAssessment */,
			);
			name = EatAppAssessment;
			packageProductDependencies = (
			);
			productName = EatAppAssessment;
			productReference = E39CDF3C2E032443005FD522 /* EatAppAssessment.app */;
			productType = "com.apple.product-type.application";
		};
		E39CDF482E032446005FD522 /* EatAppAssessmentTests */ = {
			isa = PBXNativeTarget;
			buildConfigurationList = E39CDF602E032446005FD522 /* Build configuration list for PBXNativeTarget "EatAppAssessmentTests" */;
			buildPhases = (
				E39CDF452E032446005FD522 /* Sources */,
				E39CDF462E032446005FD522 /* Frameworks */,
				E39CDF472E032446005FD522 /* Resources */,
			);
			buildRules = (
			);
			dependencies = (
				E39CDF4B2E032446005FD522 /* PBXTargetDependency */,
			);
			fileSystemSynchronizedGroups = (
				E39CDF4C2E032446005FD522 /* EatAppAssessmentTests */,
			);
			name = EatAppAssessmentTests;
			packageProductDependencies = (
			);
			productName = EatAppAssessmentTests;
			productReference = E39CDF492E032446005FD522 /* EatAppAssessmentTests.xctest */;
			productType = "com.apple.product-type.bundle.unit-test";
		};
		E39CDF522E032446005FD522 /* EatAppAssessmentUITests */ = {
			isa = PBXNativeTarget;
			buildConfigurationList = E39CDF632E032446005FD522 /* Build configuration list for PBXNativeTarget "EatAppAssessmentUITests" */;
			buildPhases = (
				E39CDF4F2E032446005FD522 /* Sources */,
				E39CDF502E032446005FD522 /* Frameworks */,
				E39CDF512E032446005FD522 /* Resources */,
			);
			buildRules = (
			);
			dependencies = (
				E39CDF552E032446005FD522 /* PBXTargetDependency */,
			);
			fileSystemSynchronizedGroups = (
				E39CDF562E032446005FD522 /* EatAppAssessmentUITests */,
			);
			name = EatAppAssessmentUITests;
			packageProductDependencies = (
			);
			productName = EatAppAssessmentUITests;
			productReference = E39CDF532E032446005FD522 /* EatAppAssessmentUITests.xctest */;
			productType = "com.apple.product-type.bundle.ui-testing";
		};
/* End PBXNativeTarget section */

/* Begin PBXProject section */
		E39CDF342E032443005FD522 /* Project object */ = {
			isa = PBXProject;
			attributes = {
				BuildIndependentTargetsInParallel = 1;
				LastSwiftUpdateCheck = 1640;
				LastUpgradeCheck = 1640;
				TargetAttributes = {
					E39CDF3B2E032443005FD522 = {
						CreatedOnToolsVersion = 16.4;
					};
					E39CDF482E032446005FD522 = {
						CreatedOnToolsVersion = 16.4;
						TestTargetID = E39CDF3B2E032443005FD522;
					};
					E39CDF522E032446005FD522 = {
						CreatedOnToolsVersion = 16.4;
						TestTargetID = E39CDF3B2E032443005FD522;
					};
				};
			};
			buildConfigurationList = E39CDF372E032443005FD522 /* Build configuration list for PBXProject "EatAppAssessment" */;
			developmentRegion = en;
			hasScannedForEncodings = 0;
			knownRegions = (
				en,
				Base,
			);
			mainGroup = E39CDF332E032443005FD522;
			minimizedProjectReferenceProxies = 1;
			preferredProjectObjectVersion = 77;
			productRefGroup = E39CDF3D2E032443005FD522 /* Products */;
			projectDirPath = "";
			projectRoot = "";
			targets = (
				E39CDF3B2E032443005FD522 /* EatAppAssessment */,
				E39CDF482E032446005FD522 /* EatAppAssessmentTests */,
				E39CDF522E032446005FD522 /* EatAppAssessmentUITests */,
			);
		};
/* End PBXProject section */

/* Begin PBXResourcesBuildPhase section */
		E39CDF3A2E032443005FD522 /* Resources */ = {
			isa = PBXResourcesBuildPhase;
			buildActionMask = 2147483647;
			files = (
			);
			runOnlyForDeploymentPostprocessing = 0;
		};
		E39CDF472E032446005FD522 /* Resources */ = {
			isa = PBXResourcesBuildPhase;
			buildActionMask = 2147483647;
			files = (
			);
			runOnlyForDeploymentPostprocessing = 0;
		};
		E39CDF512E032446005FD522 /* Resources */ = {
			isa = PBXResourcesBuildPhase;
			buildActionMask = 2147483647;
			files = (
			);
			runOnlyForDeploymentPostprocessing = 0;
		};
/* End PBXResourcesBuildPhase section */

/* Begin PBXSourcesBuildPhase section */
		E39CDF382E032443005FD522 /* Sources */ = {
			isa = PBXSourcesBuildPhase;
			buildActionMask = 2147483647;
			files = (
			);
			runOnlyForDeploymentPostprocessing = 0;
		};
		E39CDF452E032446005FD522 /* Sources */ = {
			isa = PBXSourcesBuildPhase;
			buildActionMask = 2147483647;
			files = (
			);
			runOnlyForDeploymentPostprocessing = 0;
		};
		E39CDF4F2E032446005FD522 /* Sources */ = {
			isa = PBXSourcesBuildPhase;
			buildActionMask = 2147483647;
			files = (
			);
			runOnlyForDeploymentPostprocessing = 0;
		};
/* End PBXSourcesBuildPhase section */

/* Begin PBXTargetDependency section */
		E39CDF4B2E032446005FD522 /* PBXTargetDependency */ = {
			isa = PBXTargetDependency;
			target = E39CDF3B2E032443005FD522 /* EatAppAssessment */;
			targetProxy = E39CDF4A2E032446005FD522 /* PBXContainerItemProxy */;
		};
		E39CDF552E032446005FD522 /* PBXTargetDependency */ = {
			isa = PBXTargetDependency;
			target = E39CDF3B2E032443005FD522 /* EatAppAssessment */;
			targetProxy = E39CDF542E032446005FD522 /* PBXContainerItemProxy */;
		};
/* End PBXTargetDependency section */

/* Begin XCBuildConfiguration section */
		E39CDF5B2E032446005FD522 /* Debug */ = {
			isa = XCBuildConfiguration;
			buildSettings = {
				ALWAYS_SEARCH_USER_PATHS = NO;
				ASSETCATALOG_COMPILER_GENERATE_SWIFT_ASSET_SYMBOL_EXTENSIONS = YES;
				CLANG_ANALYZER_NONNULL = YES;
				CLANG_ANALYZER_NUMBER_OBJECT_CONVERSION = YES_AGGRESSIVE;
				CLANG_CXX_LANGUAGE_STANDARD = "gnu++20";
				CLANG_ENABLE_MODULES = YES;
				CLANG_ENABLE_OBJC_ARC = YES;
				CLANG_ENABLE_OBJC_WEAK = YES;
				CLANG_WARN_BLOCK_CAPTURE_AUTORELEASING = YES;
				CLANG_WARN_BOOL_CONVERSION = YES;
				CLANG_WARN_COMMA = YES;
				CLANG_WARN_CONSTANT_CONVERSION = YES;
				CLANG_WARN_DEPRECATED_OBJC_IMPLEMENTATIONS = YES;
				CLANG_WARN_DIRECT_OBJC_ISA_USAGE = YES_ERROR;
				CLANG_WARN_DOCUMENTATION_COMMENTS = YES;
				CLANG_WARN_EMPTY_BODY = YES;
				CLANG_WARN_ENUM_CONVERSION = YES;
				CLANG_WARN_INFINITE_RECURSION = YES;
				CLANG_WARN_INT_CONVERSION = YES;
				CLANG_WARN_NON_LITERAL_NULL_CONVERSION = YES;
				CLANG_WARN_OBJC_IMPLICIT_RETAIN_SELF = YES;
				CLANG_WARN_OBJC_LITERAL_CONVERSION = YES;
				CLANG_WARN_OBJC_ROOT_CLASS = YES_ERROR;
				CLANG_WARN_QUOTED_INCLUDE_IN_FRAMEWORK_HEADER = YES;
				CLANG_WARN_RANGE_LOOP_ANALYSIS = YES;
				CLANG_WARN_STRICT_PROTOTYPES = YES;
				CLANG_WARN_SUSPICIOUS_MOVE = YES;
				CLANG_WARN_UNGUARDED_AVAILABILITY = YES_AGGRESSIVE;
				CLANG_WARN_UNREACHABLE_CODE = YES;
				CLANG_WARN__DUPLICATE_METHOD_MATCH = YES;
				COPY_PHASE_STRIP = NO;
				DEBUG_INFORMATION_FORMAT = dwarf;
				DEVELOPMENT_TEAM = R2QMUHYDRX;
				ENABLE_STRICT_OBJC_MSGSEND = YES;
				ENABLE_TESTABILITY = YES;
				ENABLE_USER_SCRIPT_SANDBOXING = YES;
				GCC_C_LANGUAGE_STANDARD = gnu17;
				GCC_DYNAMIC_NO_PIC = NO;
				GCC_NO_COMMON_BLOCKS = YES;
				GCC_OPTIMIZATION_LEVEL = 0;
				GCC_PREPROCESSOR_DEFINITIONS = (
					"DEBUG=1",
					"$(inherited)",
				);
				GCC_WARN_64_TO_32_BIT_CONVERSION = YES;
				GCC_WARN_ABOUT_RETURN_TYPE = YES_ERROR;
				GCC_WARN_UNDECLARED_SELECTOR = YES;
				GCC_WARN_UNINITIALIZED_AUTOS = YES_AGGRESSIVE;
				GCC_WARN_UNUSED_FUNCTION = YES;
				GCC_WARN_UNUSED_VARIABLE = YES;
				IPHONEOS_DEPLOYMENT_TARGET = 18.5;
				LOCALIZATION_PREFERS_STRING_CATALOGS = YES;
				MTL_ENABLE_DEBUG_INFO = INCLUDE_SOURCE;
				MTL_FAST_MATH = YES;
				ONLY_ACTIVE_ARCH = YES;
				SDKROOT = iphoneos;
				SWIFT_ACTIVE_COMPILATION_CONDITIONS = "DEBUG $(inherited)";
				SWIFT_OPTIMIZATION_LEVEL = "-Onone";
			};
			name = Debug;
		};
		E39CDF5C2E032446005FD522 /* Release */ = {
			isa = XCBuildConfiguration;
			buildSettings = {
				ALWAYS_SEARCH_USER_PATHS = NO;
				ASSETCATALOG_COMPILER_GENERATE_SWIFT_ASSET_SYMBOL_EXTENSIONS = YES;
				CLANG_ANALYZER_NONNULL = YES;
				CLANG_ANALYZER_NUMBER_OBJECT_CONVERSION = YES_AGGRESSIVE;
				CLANG_CXX_LANGUAGE_STANDARD = "gnu++20";
				CLANG_ENABLE_MODULES = YES;
				CLANG_ENABLE_OBJC_ARC = YES;
				CLANG_ENABLE_OBJC_WEAK = YES;
				CLANG_WARN_BLOCK_CAPTURE_AUTORELEASING = YES;
				CLANG_WARN_BOOL_CONVERSION = YES;
				CLANG_WARN_COMMA = YES;
				CLANG_WARN_CONSTANT_CONVERSION = YES;
				CLANG_WARN_DEPRECATED_OBJC_IMPLEMENTATIONS = YES;
				CLANG_WARN_DIRECT_OBJC_ISA_USAGE = YES_ERROR;
				CLANG_WARN_DOCUMENTATION_COMMENTS = YES;
				CLANG_WARN_EMPTY_BODY = YES;
				CLANG_WARN_ENUM_CONVERSION = YES;
				CLANG_WARN_INFINITE_RECURSION = YES;
				CLANG_WARN_INT_CONVERSION = YES;
				CLANG_WARN_NON_LITERAL_NULL_CONVERSION = YES;
				CLANG_WARN_OBJC_IMPLICIT_RETAIN_SELF = YES;
				CLANG_WARN_OBJC_LITERAL_CONVERSION = YES;
				CLANG_WARN_OBJC_ROOT_CLASS = YES_ERROR;
				CLANG_WARN_QUOTED_INCLUDE_IN_FRAMEWORK_HEADER = YES;
				CLANG_WARN_RANGE_LOOP_ANALYSIS = YES;
				CLANG_WARN_STRICT_PROTOTYPES = YES;
				CLANG_WARN_SUSPICIOUS_MOVE = YES;
				CLANG_WARN_UNGUARDED_AVAILABILITY = YES_AGGRESSIVE;
				CLANG_WARN_UNREACHABLE_CODE = YES;
				CLANG_WARN__DUPLICATE_METHOD_MATCH = YES;
				COPY_PHASE_STRIP = NO;
				DEBUG_INFORMATION_FORMAT = "dwarf-with-dsym";
				DEVELOPMENT_TEAM = R2QMUHYDRX;
				ENABLE_NS_ASSERTIONS = NO;
				ENABLE_STRICT_OBJC_MSGSEND = YES;
				ENABLE_USER_SCRIPT_SANDBOXING = YES;
				GCC_C_LANGUAGE_STANDARD = gnu17;
				GCC_NO_COMMON_BLOCKS = YES;
				GCC_WARN_64_TO_32_BIT_CONVERSION = YES;
				GCC_WARN_ABOUT_RETURN_TYPE = YES_ERROR;
				GCC_WARN_UNDECLARED_SELECTOR = YES;
				GCC_WARN_UNINITIALIZED_AUTOS = YES_AGGRESSIVE;
				GCC_WARN_UNUSED_FUNCTION = YES;
				GCC_WARN_UNUSED_VARIABLE = YES;
				IPHONEOS_DEPLOYMENT_TARGET = 18.5;
				LOCALIZATION_PREFERS_STRING_CATALOGS = YES;
				MTL_ENABLE_DEBUG_INFO = NO;
				MTL_FAST_MATH = YES;
				SDKROOT = iphoneos;
				SWIFT_COMPILATION_MODE = wholemodule;
				VALIDATE_PRODUCT = YES;
			};
			name = Release;
		};
		E39CDF5E2E032446005FD522 /* Debug */ = {
			isa = XCBuildConfiguration;
			buildSettings = {
				ASSETCATALOG_COMPILER_APPICON_NAME = AppIcon;
				ASSETCATALOG_COMPILER_GLOBAL_ACCENT_COLOR_NAME = AccentColor;
				CODE_SIGN_STYLE = Automatic;
				CURRENT_PROJECT_VERSION = 1;
				DEVELOPMENT_TEAM = R2QMUHYDRX;
				ENABLE_PREVIEWS = YES;
				GENERATE_INFOPLIST_FILE = YES;
				INFOPLIST_KEY_UIApplicationSceneManifest_Generation = YES;
				INFOPLIST_KEY_UIApplicationSupportsIndirectInputEvents = YES;
				INFOPLIST_KEY_UILaunchScreen_Generation = YES;
				INFOPLIST_KEY_UISupportedInterfaceOrientations = UIInterfaceOrientationPortrait;
				LD_RUNPATH_SEARCH_PATHS = (
					"$(inherited)",
					"@executable_path/Frameworks",
				);
				MARKETING_VERSION = 1.0;
				PRODUCT_BUNDLE_IDENTIFIER = ali.bamohammad.cordataapp.EatAppAssessment;
				PRODUCT_NAME = "$(TARGET_NAME)";
				SWIFT_EMIT_LOC_STRINGS = YES;
				SWIFT_VERSION = 5.0;
				TARGETED_DEVICE_FAMILY = "1,2";
			};
			name = Debug;
		};
		E39CDF5F2E032446005FD522 /* Release */ = {
			isa = XCBuildConfiguration;
			buildSettings = {
				ASSETCATALOG_COMPILER_APPICON_NAME = AppIcon;
				ASSETCATALOG_COMPILER_GLOBAL_ACCENT_COLOR_NAME = AccentColor;
				CODE_SIGN_STYLE = Automatic;
				CURRENT_PROJECT_VERSION = 1;
				DEVELOPMENT_TEAM = R2QMUHYDRX;
				ENABLE_PREVIEWS = YES;
				GENERATE_INFOPLIST_FILE = YES;
				INFOPLIST_KEY_UIApplicationSceneManifest_Generation = YES;
				INFOPLIST_KEY_UIApplicationSupportsIndirectInputEvents = YES;
				INFOPLIST_KEY_UILaunchScreen_Generation = YES;
				INFOPLIST_KEY_UISupportedInterfaceOrientations = UIInterfaceOrientationPortrait;
				LD_RUNPATH_SEARCH_PATHS = (
					"$(inherited)",
					"@executable_path/Frameworks",
				);
				MARKETING_VERSION = 1.0;
				PRODUCT_BUNDLE_IDENTIFIER = ali.bamohammad.cordataapp.EatAppAssessment;
				PRODUCT_NAME = "$(TARGET_NAME)";
				SWIFT_EMIT_LOC_STRINGS = YES;
				SWIFT_VERSION = 5.0;
				TARGETED_DEVICE_FAMILY = "1,2";
			};
			name = Release;
		};
		E39CDF612E032446005FD522 /* Debug */ = {
			isa = XCBuildConfiguration;
			buildSettings = {
				BUNDLE_LOADER = "$(TEST_HOST)";
				CODE_SIGN_STYLE = Automatic;
				CURRENT_PROJECT_VERSION = 1;
				DEVELOPMENT_TEAM = R2QMUHYDRX;
				GENERATE_INFOPLIST_FILE = YES;
				IPHONEOS_DEPLOYMENT_TARGET = 18.5;
				MARKETING_VERSION = 1.0;
				PRODUCT_BUNDLE_IDENTIFIER = ali.bamohammad.cordataapp.EatAppAssessmentTests;
				PRODUCT_NAME = "$(TARGET_NAME)";
				SWIFT_EMIT_LOC_STRINGS = NO;
				SWIFT_VERSION = 5.0;
				TARGETED_DEVICE_FAMILY = "1,2";
				TEST_HOST = "$(BUILT_PRODUCTS_DIR)/EatAppAssessment.app/$(BUNDLE_EXECUTABLE_FOLDER_PATH)/EatAppAssessment";
			};
			name = Debug;
		};
		E39CDF622E032446005FD522 /* Release */ = {
			isa = XCBuildConfiguration;
			buildSettings = {
				BUNDLE_LOADER = "$(TEST_HOST)";
				CODE_SIGN_STYLE = Automatic;
				CURRENT_PROJECT_VERSION = 1;
				DEVELOPMENT_TEAM = R2QMUHYDRX;
				GENERATE_INFOPLIST_FILE = YES;
				IPHONEOS_DEPLOYMENT_TARGET = 18.5;
				MARKETING_VERSION = 1.0;
				PRODUCT_BUNDLE_IDENTIFIER = ali.bamohammad.cordataapp.EatAppAssessmentTests;
				PRODUCT_NAME = "$(TARGET_NAME)";
				SWIFT_EMIT_LOC_STRINGS = NO;
				SWIFT_VERSION = 5.0;
				TARGETED_DEVICE_FAMILY = "1,2";
				TEST_HOST = "$(BUILT_PRODUCTS_DIR)/EatAppAssessment.app/$(BUNDLE_EXECUTABLE_FOLDER_PATH)/EatAppAssessment";
			};
			name = Release;
		};
		E39CDF642E032446005FD522 /* Debug */ = {
			isa = XCBuildConfiguration;
			buildSettings = {
				CODE_SIGN_STYLE = Automatic;
				CURRENT_PROJECT_VERSION = 1;
				DEVELOPMENT_TEAM = R2QMUHYDRX;
				GENERATE_INFOPLIST_FILE = YES;
				MARKETING_VERSION = 1.0;
				PRODUCT_BUNDLE_IDENTIFIER = ali.bamohammad.cordataapp.EatAppAssessmentUITests;
				PRODUCT_NAME = "$(TARGET_NAME)";
				SWIFT_EMIT_LOC_STRINGS = NO;
				SWIFT_VERSION = 5.0;
				TARGETED_DEVICE_FAMILY = "1,2";
				TEST_TARGET_NAME = EatAppAssessment;
			};
			name = Debug;
		};
		E39CDF652E032446005FD522 /* Release */ = {
			isa = XCBuildConfiguration;
			buildSettings = {
				CODE_SIGN_STYLE = Automatic;
				CURRENT_PROJECT_VERSION = 1;
				DEVELOPMENT_TEAM = R2QMUHYDRX;
				GENERATE_INFOPLIST_FILE = YES;
				MARKETING_VERSION = 1.0;
				PRODUCT_BUNDLE_IDENTIFIER = ali.bamohammad.cordataapp.EatAppAssessmentUITests;
				PRODUCT_NAME = "$(TARGET_NAME)";
				SWIFT_EMIT_LOC_STRINGS = NO;
				SWIFT_VERSION = 5.0;
				TARGETED_DEVICE_FAMILY = "1,2";
				TEST_TARGET_NAME = EatAppAssessment;
			};
			name = Release;
		};
/* End XCBuildConfiguration section */

/* Begin XCConfigurationList section */
		E39CDF372E032443005FD522 /* Build configuration list for PBXProject "EatAppAssessment" */ = {
			isa = XCConfigurationList;
			buildConfigurations = (
				E39CDF5B2E032446005FD522 /* Debug */,
				E39CDF5C2E032446005FD522 /* Release */,
			);
			defaultConfigurationIsVisible = 0;
			defaultConfigurationName = Release;
		};
		E39CDF5D2E032446005FD522 /* Build configuration list for PBXNativeTarget "EatAppAssessment" */ = {
			isa = XCConfigurationList;
			buildConfigurations = (
				E39CDF5E2E032446005FD522 /* Debug */,
				E39CDF5F2E032446005FD522 /* Release */,
			);
			defaultConfigurationIsVisible = 0;
			defaultConfigurationName = Release;
		};
		E39CDF602E032446005FD522 /* Build configuration list for PBXNativeTarget "EatAppAssessmentTests" */ = {
			isa = XCConfigurationList;
			buildConfigurations = (
				E39CDF612E032446005FD522 /* Debug */,
				E39CDF622E032446005FD522 /* Release */,
			);
			defaultConfigurationIsVisible = 0;
			defaultConfigurationName = Release;
		};
		E39CDF632E032446005FD522 /* Build configuration list for PBXNativeTarget "EatAppAssessmentUITests" */ = {
			isa = XCConfigurationList;
			buildConfigurations = (
				E39CDF642E032446005FD522 /* Debug */,
				E39CDF652E032446005FD522 /* Release */,
			);
			defaultConfigurationIsVisible = 0;
			defaultConfigurationName = Release;
		};
/* End XCConfigurationList section */
	};
	rootObject = E39CDF342E032443005FD522 /* Project object */;
}
